
Microsoft Visual Studio Solution File, Format Version 12.00
# Visual Studio 15
Project("{FAE04EC0-301F-11D3-BF4B-00C04F79EFBC}") = "Assembly-CSharp", "Assembly-CSharp.csproj", "{CECB0054-FEC5-7574-6A56-826F3FAB9E04}"
EndProject
Global
	GlobalSection(SolutionConfigurationPlatforms) = preSolution
		Debug|Any CPU = Debug|Any CPU
		Release|Any CPU = Release|Any CPU
	EndGlobalSection
	GlobalSection(ProjectConfigurationPlatforms) = postSolution
		{CECB0054-FEC5-7574-6A56-826F3FAB9E04}.Debug|Any CPU.ActiveCfg = Debug|Any CPU
		{CECB0054-FEC5-7574-6A56-826F3FAB9E04}.Debug|Any CPU.Build.0 = Debug|Any CPU
		{CECB0054-FEC5-7574-6A56-826F3FAB9E04}.Release|Any CPU.ActiveCfg = Release|Any CPU
		{CECB0054-FEC5-7574-6A56-826F3FAB9E04}.Release|Any CPU.Build.0 = Release|Any CPU
	EndGlobalSection
	GlobalSection(SolutionProperties) = preSolution
		HideSolutionNode = FALSE
	EndGlobalSection
EndGlobal
